// !$*UTF8*$!
{
	archiveVersion = 1;
	classes = {
	};
	objectVersion = 46;
	objects = {

/* Begin PBXBuildFile section */
		A31247951ADC70AA0020F458 /* UIViewController+IRViewPopping.m in Sources */ = {isa = PBXBuildFile; fileRef = A31247941ADC70AA0020F458 /* UIViewController+IRViewPopping.m */; };
		A31247991ADC76FB0020F458 /* TestPopinViewController.m in Sources */ = {isa = PBXBuildFile; fileRef = A31247971ADC76FB0020F458 /* TestPopinViewController.m */; };
		A312479A1ADC76FB0020F458 /* TestPopinViewController.xib in Resources */ = {isa = PBXBuildFile; fileRef = A31247981ADC76FB0020F458 /* TestPopinViewController.xib */; };
		A3632A431AD92A9300A52840 /* IRPortalAnimationController.m in Sources */ = {isa = PBXBuildFile; fileRef = A3632A421AD92A9300A52840 /* IRPortalAnimationController.m */; };
		A3FB340C1AD8326A001A16DC /* main.m in Sources */ = {isa = PBXBuildFile; fileRef = A3FB340B1AD8326A001A16DC /* main.m */; };
		A3FB340F1AD8326A001A16DC /* AppDelegate.m in Sources */ = {isa = PBXBuildFile; fileRef = A3FB340E1AD8326A001A16DC /* AppDelegate.m */; };
		A3FB34121AD8326A001A16DC /* FirstViewController.m in Sources */ = {isa = PBXBuildFile; fileRef = A3FB34111AD8326A001A16DC /* FirstViewController.m */; };
		A3FB34181AD8326A001A16DC /* Main.storyboard in Resources */ = {isa = PBXBuildFile; fileRef = A3FB34161AD8326A001A16DC /* Main.storyboard */; };
		A3FB341A1AD8326A001A16DC /* Images.xcassets in Resources */ = {isa = PBXBuildFile; fileRef = A3FB34191AD8326A001A16DC /* Images.xcassets */; };
		A3FB341D1AD8326A001A16DC /* LaunchScreen.xib in Resources */ = {isa = PBXBuildFile; fileRef = A3FB341B1AD8326A001A16DC /* LaunchScreen.xib */; };
		A3FB34291AD8326A001A16DC /* IRTransitionDemoTests.m in Sources */ = {isa = PBXBuildFile; fileRef = A3FB34281AD8326A001A16DC /* IRTransitionDemoTests.m */; };
		A3FB34361AD83307001A16DC /* PopupDynamicVC.m in Sources */ = {isa = PBXBuildFile; fileRef = A3FB34341AD83307001A16DC /* PopupDynamicVC.m */; };
		A3FB34371AD83307001A16DC /* PopupDynamicVC.xib in Resources */ = {isa = PBXBuildFile; fileRef = A3FB34351AD83307001A16DC /* PopupDynamicVC.xib */; };
		A3FB343B1AD83344001A16DC /* IRZoomTransition.m in Sources */ = {isa = PBXBuildFile; fileRef = A3FB343A1AD83344001A16DC /* IRZoomTransition.m */; };
		A3FB343F1AD83462001A16DC /* SecondVC.xib in Resources */ = {isa = PBXBuildFile; fileRef = A3FB343C1AD83462001A16DC /* SecondVC.xib */; };
		A3FB34401AD83462001A16DC /* SecondVC.m in Sources */ = {isa = PBXBuildFile; fileRef = A3FB343E1AD83462001A16DC /* SecondVC.m */; };
		A3FB34431AD83E90001A16DC /* IRAnimationController.m in Sources */ = {isa = PBXBuildFile; fileRef = A3FB34421AD83E90001A16DC /* IRAnimationController.m */; };
		A3FB34461AD84030001A16DC /* IRCardAnimationController.m in Sources */ = {isa = PBXBuildFile; fileRef = A3FB34451AD84030001A16DC /* IRCardAnimationController.m */; };
		A3FB34491AD843C8001A16DC /* IRMoveAnimationController.m in Sources */ = {isa = PBXBuildFile; fileRef = A3FB34481AD843C8001A16DC /* IRMoveAnimationController.m */; };
		A3FB344C1AD85833001A16DC /* IRRevealAnimationController.m in Sources */ = {isa = PBXBuildFile; fileRef = A3FB344B1AD85833001A16DC /* IRRevealAnimationController.m */; };
		A3FB344E1AD86634001A16DC /* ReadMe.md in Sources */ = {isa = PBXBuildFile; fileRef = A3FB344D1AD86634001A16DC /* ReadMe.md */; };
/* End PBXBuildFile section */

/* Begin PBXContainerItemProxy section */
		A3FB34231AD8326A001A16DC /* PBXContainerItemProxy */ = {
			isa = PBXContainerItemProxy;
			containerPortal = A3FB33FE1AD8326A001A16DC /* Project object */;
			proxyType = 1;
			remoteGlobalIDString = A3FB34051AD8326A001A16DC;
			remoteInfo = IRTransitionDemo;
		};
/* End PBXContainerItemProxy section */

/* Begin PBXFileReference section */
		A31247931ADC70AA0020F458 /* UIViewController+IRViewPopping.h */ = {isa = PBXFileReference; fileEncoding = 4; lastKnownFileType = sourcecode.c.h; path = "UIViewController+IRViewPopping.h"; sourceTree = "<group>"; };
		A31247941ADC70AA0020F458 /* UIViewController+IRViewPopping.m */ = {isa = PBXFileReference; fileEncoding = 4; lastKnownFileType = sourcecode.c.objc; path = "UIViewController+IRViewPopping.m"; sourceTree = "<group>"; };
		A31247961ADC76FB0020F458 /* TestPopinViewController.h */ = {isa = PBXFileReference; fileEncoding = 4; lastKnownFileType = sourcecode.c.h; path = TestPopinViewController.h; sourceTree = "<group>"; };
		A31247971ADC76FB0020F458 /* TestPopinViewController.m */ = {isa = PBXFileReference; fileEncoding = 4; lastKnownFileType = sourcecode.c.objc; path = TestPopinViewController.m; sourceTree = "<group>"; };
		A31247981ADC76FB0020F458 /* TestPopinViewController.xib */ = {isa = PBXFileReference; fileEncoding = 4; lastKnownFileType = file.xib; path = TestPopinViewController.xib; sourceTree = "<group>"; };
		A3632A411AD92A9300A52840 /* IRPortalAnimationController.h */ = {isa = PBXFileReference; fileEncoding = 4; lastKnownFileType = sourcecode.c.h; path = IRPortalAnimationController.h; sourceTree = "<group>"; };
		A3632A421AD92A9300A52840 /* IRPortalAnimationController.m */ = {isa = PBXFileReference; fileEncoding = 4; lastKnownFileType = sourcecode.c.objc; path = IRPortalAnimationController.m; sourceTree = "<group>"; };
		A3FB34061AD8326A001A16DC /* IRTransitionDemo.app */ = {isa = PBXFileReference; explicitFileType = wrapper.application; includeInIndex = 0; path = IRTransitionDemo.app; sourceTree = BUILT_PRODUCTS_DIR; };
		A3FB340A1AD8326A001A16DC /* Info.plist */ = {isa = PBXFileReference; lastKnownFileType = text.plist.xml; path = Info.plist; sourceTree = "<group>"; };
		A3FB340B1AD8326A001A16DC /* main.m */ = {isa = PBXFileReference; lastKnownFileType = sourcecode.c.objc; path = main.m; sourceTree = "<group>"; };
		A3FB340D1AD8326A001A16DC /* AppDelegate.h */ = {isa = PBXFileReference; lastKnownFileType = sourcecode.c.h; path = AppDelegate.h; sourceTree = "<group>"; };
		A3FB340E1AD8326A001A16DC /* AppDelegate.m */ = {isa = PBXFileReference; lastKnownFileType = sourcecode.c.objc; path = AppDelegate.m; sourceTree = "<group>"; };
		A3FB34101AD8326A001A16DC /* FirstViewController.h */ = {isa = PBXFileReference; lastKnownFileType = sourcecode.c.h; path = FirstViewController.h; sourceTree = "<group>"; };
		A3FB34111AD8326A001A16DC /* FirstViewController.m */ = {isa = PBXFileReference; lastKnownFileType = sourcecode.c.objc; path = FirstViewController.m; sourceTree = "<group>"; };
		A3FB34171AD8326A001A16DC /* Base */ = {isa = PBXFileReference; lastKnownFileType = file.storyboard; name = Base; path = Base.lproj/Main.storyboard; sourceTree = "<group>"; };
		A3FB34191AD8326A001A16DC /* Images.xcassets */ = {isa = PBXFileReference; lastKnownFileType = folder.assetcatalog; path = Images.xcassets; sourceTree = "<group>"; };
		A3FB341C1AD8326A001A16DC /* Base */ = {isa = PBXFileReference; lastKnownFileType = file.xib; name = Base; path = Base.lproj/LaunchScreen.xib; sourceTree = "<group>"; };
		A3FB34221AD8326A001A16DC /* IRTransitionDemoTests.xctest */ = {isa = PBXFileReference; explicitFileType = wrapper.cfbundle; includeInIndex = 0; path = IRTransitionDemoTests.xctest; sourceTree = BUILT_PRODUCTS_DIR; };
		A3FB34271AD8326A001A16DC /* Info.plist */ = {isa = PBXFileReference; lastKnownFileType = text.plist.xml; path = Info.plist; sourceTree = "<group>"; };
		A3FB34281AD8326A001A16DC /* IRTransitionDemoTests.m */ = {isa = PBXFileReference; lastKnownFileType = sourcecode.c.objc; path = IRTransitionDemoTests.m; sourceTree = "<group>"; };
		A3FB34331AD83307001A16DC /* PopupDynamicVC.h */ = {isa = PBXFileReference; fileEncoding = 4; lastKnownFileType = sourcecode.c.h; path = PopupDynamicVC.h; sourceTree = "<group>"; };
		A3FB34341AD83307001A16DC /* PopupDynamicVC.m */ = {isa = PBXFileReference; fileEncoding = 4; lastKnownFileType = sourcecode.c.objc; path = PopupDynamicVC.m; sourceTree = "<group>"; };
		A3FB34351AD83307001A16DC /* PopupDynamicVC.xib */ = {isa = PBXFileReference; fileEncoding = 4; lastKnownFileType = file.xib; path = PopupDynamicVC.xib; sourceTree = "<group>"; };
		A3FB34391AD83344001A16DC /* IRZoomTransition.h */ = {isa = PBXFileReference; fileEncoding = 4; lastKnownFileType = sourcecode.c.h; path = IRZoomTransition.h; sourceTree = "<group>"; };
		A3FB343A1AD83344001A16DC /* IRZoomTransition.m */ = {isa = PBXFileReference; fileEncoding = 4; lastKnownFileType = sourcecode.c.objc; path = IRZoomTransition.m; sourceTree = "<group>"; };
		A3FB343C1AD83462001A16DC /* SecondVC.xib */ = {isa = PBXFileReference; fileEncoding = 4; lastKnownFileType = file.xib; path = SecondVC.xib; sourceTree = "<group>"; };
		A3FB343D1AD83462001A16DC /* SecondVC.h */ = {isa = PBXFileReference; fileEncoding = 4; lastKnownFileType = sourcecode.c.h; path = SecondVC.h; sourceTree = "<group>"; };
		A3FB343E1AD83462001A16DC /* SecondVC.m */ = {isa = PBXFileReference; fileEncoding = 4; lastKnownFileType = sourcecode.c.objc; path = SecondVC.m; sourceTree = "<group>"; };
		A3FB34411AD83E90001A16DC /* IRAnimationController.h */ = {isa = PBXFileReference; fileEncoding = 4; lastKnownFileType = sourcecode.c.h; path = IRAnimationController.h; sourceTree = "<group>"; };
		A3FB34421AD83E90001A16DC /* IRAnimationController.m */ = {isa = PBXFileReference; fileEncoding = 4; lastKnownFileType = sourcecode.c.objc; path = IRAnimationController.m; sourceTree = "<group>"; };
		A3FB34441AD84030001A16DC /* IRCardAnimationController.h */ = {isa = PBXFileReference; fileEncoding = 4; lastKnownFileType = sourcecode.c.h; path = IRCardAnimationController.h; sourceTree = "<group>"; };
		A3FB34451AD84030001A16DC /* IRCardAnimationController.m */ = {isa = PBXFileReference; fileEncoding = 4; lastKnownFileType = sourcecode.c.objc; path = IRCardAnimationController.m; sourceTree = "<group>"; };
		A3FB34471AD843C8001A16DC /* IRMoveAnimationController.h */ = {isa = PBXFileReference; fileEncoding = 4; lastKnownFileType = sourcecode.c.h; path = IRMoveAnimationController.h; sourceTree = "<group>"; };
		A3FB34481AD843C8001A16DC /* IRMoveAnimationController.m */ = {isa = PBXFileReference; fileEncoding = 4; lastKnownFileType = sourcecode.c.objc; path = IRMoveAnimationController.m; sourceTree = "<group>"; };
		A3FB344A1AD85833001A16DC /* IRRevealAnimationController.h */ = {isa = PBXFileReference; fileEncoding = 4; lastKnownFileType = sourcecode.c.h; path = IRRevealAnimationController.h; sourceTree = "<group>"; };
		A3FB344B1AD85833001A16DC /* IRRevealAnimationController.m */ = {isa = PBXFileReference; fileEncoding = 4; lastKnownFileType = sourcecode.c.objc; path = IRRevealAnimationController.m; sourceTree = "<group>"; };
		A3FB344D1AD86634001A16DC /* ReadMe.md */ = {isa = PBXFileReference; fileEncoding = 4; lastKnownFileType = net.daringfireball.markdown; path = ReadMe.md; sourceTree = "<group>"; };
/* End PBXFileReference section */

/* Begin PBXFrameworksBuildPhase section */
		A3FB34031AD8326A001A16DC /* Frameworks */ = {
			isa = PBXFrameworksBuildPhase;
			buildActionMask = 2147483647;
			files = (
			);
			runOnlyForDeploymentPostprocessing = 0;
		};
		A3FB341F1AD8326A001A16DC /* Frameworks */ = {
			isa = PBXFrameworksBuildPhase;
			buildActionMask = 2147483647;
			files = (
			);
			runOnlyForDeploymentPostprocessing = 0;
		};
/* End PBXFrameworksBuildPhase section */

/* Begin PBXGroup section */
		A31247921ADC6FF60020F458 /* IRViewPopping */ = {
			isa = PBXGroup;
			children = (
				A31247931ADC70AA0020F458 /* UIViewController+IRViewPopping.h */,
				A31247941ADC70AA0020F458 /* UIViewController+IRViewPopping.m */,
			);
			path = IRViewPopping;
			sourceTree = "<group>";
		};
		A3FB33FD1AD8326A001A16DC = {
			isa = PBXGroup;
			children = (
				A3FB344D1AD86634001A16DC /* ReadMe.md */,
				A31247921ADC6FF60020F458 /* IRViewPopping */,
				A3FB34381AD83344001A16DC /* IRTransition */,
				A3FB34321AD83307001A16DC /* IRUserInterface */,
				A3FB34081AD8326A001A16DC /* IRTransitionDemo */,
				A3FB34251AD8326A001A16DC /* IRTransitionDemoTests */,
				A3FB34071AD8326A001A16DC /* Products */,
			);
			sourceTree = "<group>";
		};
		A3FB34071AD8326A001A16DC /* Products */ = {
			isa = PBXGroup;
			children = (
				A3FB34061AD8326A001A16DC /* IRTransitionDemo.app */,
				A3FB34221AD8326A001A16DC /* IRTransitionDemoTests.xctest */,
			);
			name = Products;
			sourceTree = "<group>";
		};
		A3FB34081AD8326A001A16DC /* IRTransitionDemo */ = {
			isa = PBXGroup;
			children = (
				A3FB340D1AD8326A001A16DC /* AppDelegate.h */,
				A3FB340E1AD8326A001A16DC /* AppDelegate.m */,
				A3FB34161AD8326A001A16DC /* Main.storyboard */,
				A3FB34101AD8326A001A16DC /* FirstViewController.h */,
				A3FB34111AD8326A001A16DC /* FirstViewController.m */,
				A3FB343C1AD83462001A16DC /* SecondVC.xib */,
				A3FB343D1AD83462001A16DC /* SecondVC.h */,
				A3FB343E1AD83462001A16DC /* SecondVC.m */,
				A31247961ADC76FB0020F458 /* TestPopinViewController.h */,
				A31247971ADC76FB0020F458 /* TestPopinViewController.m */,
				A31247981ADC76FB0020F458 /* TestPopinViewController.xib */,
				A3FB34191AD8326A001A16DC /* Images.xcassets */,
				A3FB341B1AD8326A001A16DC /* LaunchScreen.xib */,
				A3FB34091AD8326A001A16DC /* Supporting Files */,
			);
			path = IRTransitionDemo;
			sourceTree = "<group>";
		};
		A3FB34091AD8326A001A16DC /* Supporting Files */ = {
			isa = PBXGroup;
			children = (
				A3FB340A1AD8326A001A16DC /* Info.plist */,
				A3FB340B1AD8326A001A16DC /* main.m */,
			);
			name = "Supporting Files";
			sourceTree = "<group>";
		};
		A3FB34251AD8326A001A16DC /* IRTransitionDemoTests */ = {
			isa = PBXGroup;
			children = (
				A3FB34281AD8326A001A16DC /* IRTransitionDemoTests.m */,
				A3FB34261AD8326A001A16DC /* Supporting Files */,
			);
			path = IRTransitionDemoTests;
			sourceTree = "<group>";
		};
		A3FB34261AD8326A001A16DC /* Supporting Files */ = {
			isa = PBXGroup;
			children = (
				A3FB34271AD8326A001A16DC /* Info.plist */,
			);
			name = "Supporting Files";
			sourceTree = "<group>";
		};
		A3FB34321AD83307001A16DC /* IRUserInterface */ = {
			isa = PBXGroup;
			children = (
				A3FB34331AD83307001A16DC /* PopupDynamicVC.h */,
				A3FB34341AD83307001A16DC /* PopupDynamicVC.m */,
				A3FB34351AD83307001A16DC /* PopupDynamicVC.xib */,
			);
			path = IRUserInterface;
			sourceTree = "<group>";
		};
		A3FB34381AD83344001A16DC /* IRTransition */ = {
			isa = PBXGroup;
			children = (
				A3FB34411AD83E90001A16DC /* IRAnimationController.h */,
				A3FB34421AD83E90001A16DC /* IRAnimationController.m */,
				A3FB34391AD83344001A16DC /* IRZoomTransition.h */,
				A3FB343A1AD83344001A16DC /* IRZoomTransition.m */,
				A3FB34441AD84030001A16DC /* IRCardAnimationController.h */,
				A3FB34451AD84030001A16DC /* IRCardAnimationController.m */,
				A3FB34471AD843C8001A16DC /* IRMoveAnimationController.h */,
				A3FB34481AD843C8001A16DC /* IRMoveAnimationController.m */,
				A3FB344A1AD85833001A16DC /* IRRevealAnimationController.h */,
				A3FB344B1AD85833001A16DC /* IRRevealAnimationController.m */,
				A3632A411AD92A9300A52840 /* IRPortalAnimationController.h */,
				A3632A421AD92A9300A52840 /* IRPortalAnimationController.m */,
			);
			path = IRTransition;
			sourceTree = "<group>";
		};
/* End PBXGroup section */

/* Begin PBXNativeTarget section */
		A3FB34051AD8326A001A16DC /* IRTransitionDemo */ = {
			isa = PBXNativeTarget;
			buildConfigurationList = A3FB342C1AD8326A001A16DC /* Build configuration list for PBXNativeTarget "IRTransitionDemo" */;
			buildPhases = (
				A3FB34021AD8326A001A16DC /* Sources */,
				A3FB34031AD8326A001A16DC /* Frameworks */,
				A3FB34041AD8326A001A16DC /* Resources */,
			);
			buildRules = (
			);
			dependencies = (
			);
			name = IRTransitionDemo;
			productName = IRTransitionDemo;
			productReference = A3FB34061AD8326A001A16DC /* IRTransitionDemo.app */;
			productType = "com.apple.product-type.application";
		};
		A3FB34211AD8326A001A16DC /* IRTransitionDemoTests */ = {
			isa = PBXNativeTarget;
			buildConfigurationList = A3FB342F1AD8326A001A16DC /* Build configuration list for PBXNativeTarget "IRTransitionDemoTests" */;
			buildPhases = (
				A3FB341E1AD8326A001A16DC /* Sources */,
				A3FB341F1AD8326A001A16DC /* Frameworks */,
				A3FB34201AD8326A001A16DC /* Resources */,
			);
			buildRules = (
			);
			dependencies = (
				A3FB34241AD8326A001A16DC /* PBXTargetDependency */,
			);
			name = IRTransitionDemoTests;
			productName = IRTransitionDemoTests;
			productReference = A3FB34221AD8326A001A16DC /* IRTransitionDemoTests.xctest */;
			productType = "com.apple.product-type.bundle.unit-test";
		};
/* End PBXNativeTarget section */

/* Begin PBXProject section */
		A3FB33FE1AD8326A001A16DC /* Project object */ = {
			isa = PBXProject;
			attributes = {
				LastUpgradeCheck = 0630;
				ORGANIZATIONNAME = "iReka Soft";
				TargetAttributes = {
					A3FB34051AD8326A001A16DC = {
						CreatedOnToolsVersion = 6.3;
					};
					A3FB34211AD8326A001A16DC = {
						CreatedOnToolsVersion = 6.3;
						TestTargetID = A3FB34051AD8326A001A16DC;
					};
				};
			};
			buildConfigurationList = A3FB34011AD8326A001A16DC /* Build configuration list for PBXProject "IRTransitionDemo" */;
			compatibilityVersion = "Xcode 3.2";
			developmentRegion = English;
			hasScannedForEncodings = 0;
			knownRegions = (
				en,
				Base,
			);
			mainGroup = A3FB33FD1AD8326A001A16DC;
			productRefGroup = A3FB34071AD8326A001A16DC /* Products */;
			projectDirPath = "";
			projectRoot = "";
			targets = (
				A3FB34051AD8326A001A16DC /* IRTransitionDemo */,
				A3FB34211AD8326A001A16DC /* IRTransitionDemoTests */,
			);
		};
/* End PBXProject section */

/* Begin PBXResourcesBuildPhase section */
		A3FB34041AD8326A001A16DC /* Resources */ = {
			isa = PBXResourcesBuildPhase;
			buildActionMask = 2147483647;
			files = (
				A3FB343F1AD83462001A16DC /* SecondVC.xib in Resources */,
				A3FB34181AD8326A001A16DC /* Main.storyboard in Resources */,
				A3FB34371AD83307001A16DC /* PopupDynamicVC.xib in Resources */,
				A312479A1ADC76FB0020F458 /* TestPopinViewController.xib in Resources */,
				A3FB341D1AD8326A001A16DC /* LaunchScreen.xib in Resources */,
				A3FB341A1AD8326A001A16DC /* Images.xcassets in Resources */,
			);
			runOnlyForDeploymentPostprocessing = 0;
		};
		A3FB34201AD8326A001A16DC /* Resources */ = {
			isa = PBXResourcesBuildPhase;
			buildActionMask = 2147483647;
			files = (
			);
			runOnlyForDeploymentPostprocessing = 0;
		};
/* End PBXResourcesBuildPhase section */

/* Begin PBXSourcesBuildPhase section */
		A3FB34021AD8326A001A16DC /* Sources */ = {
			isa = PBXSourcesBuildPhase;
			buildActionMask = 2147483647;
			files = (
				A3FB34431AD83E90001A16DC /* IRAnimationController.m in Sources */,
				A31247991ADC76FB0020F458 /* TestPopinViewController.m in Sources */,
				A3FB344E1AD86634001A16DC /* ReadMe.md in Sources */,
				A3FB34361AD83307001A16DC /* PopupDynamicVC.m in Sources */,
				A3FB34491AD843C8001A16DC /* IRMoveAnimationController.m in Sources */,
				A3FB340F1AD8326A001A16DC /* AppDelegate.m in Sources */,
				A3632A431AD92A9300A52840 /* IRPortalAnimationController.m in Sources */,
				A31247951ADC70AA0020F458 /* UIViewController+IRViewPopping.m in Sources */,
				A3FB343B1AD83344001A16DC /* IRZoomTransition.m in Sources */,
				A3FB34401AD83462001A16DC /* SecondVC.m in Sources */,
				A3FB34121AD8326A001A16DC /* FirstViewController.m in Sources */,
				A3FB340C1AD8326A001A16DC /* main.m in Sources */,
				A3FB344C1AD85833001A16DC /* IRRevealAnimationController.m in Sources */,
				A3FB34461AD84030001A16DC /* IRCardAnimationController.m in Sources */,
			);
			runOnlyForDeploymentPostprocessing = 0;
		};
		A3FB341E1AD8326A001A16DC /* Sources */ = {
			isa = PBXSourcesBuildPhase;
			buildActionMask = 2147483647;
			files = (
				A3FB34291AD8326A001A16DC /* IRTransitionDemoTests.m in Sources */,
			);
			runOnlyForDeploymentPostprocessing = 0;
		};
/* End PBXSourcesBuildPhase section */

/* Begin PBXTargetDependency section */
		A3FB34241AD8326A001A16DC /* PBXTargetDependency */ = {
			isa = PBXTargetDependency;
			target = A3FB34051AD8326A001A16DC /* IRTransitionDemo */;
			targetProxy = A3FB34231AD8326A001A16DC /* PBXContainerItemProxy */;
		};
/* End PBXTargetDependency section */

/* Begin PBXVariantGroup section */
		A3FB34161AD8326A001A16DC /* Main.storyboard */ = {
			isa = PBXVariantGroup;
			children = (
				A3FB34171AD8326A001A16DC /* Base */,
			);
			name = Main.storyboard;
			sourceTree = "<group>";
		};
		A3FB341B1AD8326A001A16DC /* LaunchScreen.xib */ = {
			isa = PBXVariantGroup;
			children = (
				A3FB341C1AD8326A001A16DC /* Base */,
			);
			name = LaunchScreen.xib;
			sourceTree = "<group>";
		};
/* End PBXVariantGroup section */

/* Begin XCBuildConfiguration section */
		A3FB342A1AD8326A001A16DC /* Debug */ = {
			isa = XCBuildConfiguration;
			buildSettings = {
				ALWAYS_SEARCH_USER_PATHS = NO;
				CLANG_CXX_LANGUAGE_STANDARD = "gnu++0x";
				CLANG_CXX_LIBRARY = "libc++";
				CLANG_ENABLE_MODULES = YES;
				CLANG_ENABLE_OBJC_ARC = YES;
				CLANG_WARN_BOOL_CONVERSION = YES;
				CLANG_WARN_CONSTANT_CONVERSION = YES;
				CLANG_WARN_DIRECT_OBJC_ISA_USAGE = YES_ERROR;
				CLANG_WARN_EMPTY_BODY = YES;
				CLANG_WARN_ENUM_CONVERSION = YES;
				CLANG_WARN_INT_CONVERSION = YES;
				CLANG_WARN_OBJC_ROOT_CLASS = YES_ERROR;
				CLANG_WARN_UNREACHABLE_CODE = YES;
				CLANG_WARN__DUPLICATE_METHOD_MATCH = YES;
				"CODE_SIGN_IDENTITY[sdk=iphoneos*]" = "iPhone Developer";
				COPY_PHASE_STRIP = NO;
				DEBUG_INFORMATION_FORMAT = "dwarf-with-dsym";
				ENABLE_STRICT_OBJC_MSGSEND = YES;
				GCC_C_LANGUAGE_STANDARD = gnu99;
				GCC_DYNAMIC_NO_PIC = NO;
				GCC_NO_COMMON_BLOCKS = YES;
				GCC_OPTIMIZATION_LEVEL = 0;
				GCC_PREPROCESSOR_DEFINITIONS = (
					"DEBUG=1",
					"$(inherited)",
				);
				GCC_SYMBOLS_PRIVATE_EXTERN = NO;
				GCC_WARN_64_TO_32_BIT_CONVERSION = YES;
				GCC_WARN_ABOUT_RETURN_TYPE = YES_ERROR;
				GCC_WARN_UNDECLARED_SELECTOR = YES;
				GCC_WARN_UNINITIALIZED_AUTOS = YES_AGGRESSIVE;
				GCC_WARN_UNUSED_FUNCTION = YES;
				GCC_WARN_UNUSED_VARIABLE = YES;
				IPHONEOS_DEPLOYMENT_TARGET = 8.3;
				MTL_ENABLE_DEBUG_INFO = YES;
				ONLY_ACTIVE_ARCH = YES;
				SDKROOT = iphoneos;
				TARGETED_DEVICE_FAMILY = "1,2";
			};
			name = Debug;
		};
		A3FB342B1AD8326A001A16DC /* Release */ = {
			isa = XCBuildConfiguration;
			buildSettings = {
				ALWAYS_SEARCH_USER_PATHS = NO;
				CLANG_CXX_LANGUAGE_STANDARD = "gnu++0x";
				CLANG_CXX_LIBRARY = "libc++";
				CLANG_ENABLE_MODULES = YES;
				CLANG_ENABLE_OBJC_ARC = YES;
				CLANG_WARN_BOOL_CONVERSION = YES;
				CLANG_WARN_CONSTANT_CONVERSION = YES;
				CLANG_WARN_DIRECT_OBJC_ISA_USAGE = YES_ERROR;
				CLANG_WARN_EMPTY_BODY = YES;
				CLANG_WARN_ENUM_CONVERSION = YES;
				CLANG_WARN_INT_CONVERSION = YES;
				CLANG_WARN_OBJC_ROOT_CLASS = YES_ERROR;
				CLANG_WARN_UNREACHABLE_CODE = YES;
				CLANG_WARN__DUPLICATE_METHOD_MATCH = YES;
				"CODE_SIGN_IDENTITY[sdk=iphoneos*]" = "iPhone Developer";
				COPY_PHASE_STRIP = NO;
				DEBUG_INFORMATION_FORMAT = "dwarf-with-dsym";
				ENABLE_NS_ASSERTIONS = NO;
				ENABLE_STRICT_OBJC_MSGSEND = YES;
				GCC_C_LANGUAGE_STANDARD = gnu99;
				GCC_NO_COMMON_BLOCKS = YES;
				GCC_WARN_64_TO_32_BIT_CONVERSION = YES;
				GCC_WARN_ABOUT_RETURN_TYPE = YES_ERROR;
				GCC_WARN_UNDECLARED_SELECTOR = YES;
				GCC_WARN_UNINITIALIZED_AUTOS = YES_AGGRESSIVE;
				GCC_WARN_UNUSED_FUNCTION = YES;
				GCC_WARN_UNUSED_VARIABLE = YES;
				IPHONEOS_DEPLOYMENT_TARGET = 8.3;
				MTL_ENABLE_DEBUG_INFO = NO;
				SDKROOT = iphoneos;
				TARGETED_DEVICE_FAMILY = "1,2";
				VALIDATE_PRODUCT = YES;
			};
			name = Release;
		};
		A3FB342D1AD8326A001A16DC /* Debug */ = {
			isa = XCBuildConfiguration;
			buildSettings = {
				ASSETCATALOG_COMPILER_APPICON_NAME = AppIcon;
				INFOPLIST_FILE = IRTransitionDemo/Info.plist;
				LD_RUNPATH_SEARCH_PATHS = "$(inherited) @executable_path/Frameworks";
				PRODUCT_NAME = "$(TARGET_NAME)";
			};
			name = Debug;
		};
		A3FB342E1AD8326A001A16DC /* Release */ = {
			isa = XCBuildConfiguration;
			buildSettings = {
				ASSETCATALOG_COMPILER_APPICON_NAME = AppIcon;
				INFOPLIST_FILE = IRTransitionDemo/Info.plist;
				LD_RUNPATH_SEARCH_PATHS = "$(inherited) @executable_path/Frameworks";
				PRODUCT_NAME = "$(TARGET_NAME)";
			};
			name = Release;
		};
		A3FB34301AD8326A001A16DC /* Debug */ = {
			isa = XCBuildConfiguration;
			buildSettings = {
				BUNDLE_LOADER = "$(TEST_HOST)";
				FRAMEWORK_SEARCH_PATHS = (
					"$(SDKROOT)/Developer/Library/Frameworks",
					"$(inherited)",
				);
				GCC_PREPROCESSOR_DEFINITIONS = (
					"DEBUG=1",
					"$(inherited)",
				);
				INFOPLIST_FILE = IRTransitionDemoTests/Info.plist;
				LD_RUNPATH_SEARCH_PATHS = "$(inherited) @executable_path/Frameworks @loader_path/Frameworks";
				PRODUCT_NAME = "$(TARGET_NAME)";
				TEST_HOST = "$(BUILT_PRODUCTS_DIR)/IRTransitionDemo.app/IRTransitionDemo";
			};
			name = Debug;
		};
		A3FB34311AD8326A001A16DC /* Release */ = {
			isa = XCBuildConfiguration;
			buildSettings = {
				BUNDLE_LOADER = "$(TEST_HOST)";
				FRAMEWORK_SEARCH_PATHS = (
					"$(SDKROOT)/Developer/Library/Frameworks",
					"$(inherited)",
				);
				INFOPLIST_FILE = IRTransitionDemoTests/Info.plist;
				LD_RUNPATH_SEARCH_PATHS = "$(inherited) @executable_path/Frameworks @loader_path/Frameworks";
				PRODUCT_NAME = "$(TARGET_NAME)";
				TEST_HOST = "$(BUILT_PRODUCTS_DIR)/IRTransitionDemo.app/IRTransitionDemo";
			};
			name = Release;
		};
/* End XCBuildConfiguration section */

/* Begin XCConfigurationList section */
		A3FB34011AD8326A001A16DC /* Build configuration list for PBXProject "IRTransitionDemo" */ = {
			isa = XCConfigurationList;
			buildConfigurations = (
				A3FB342A1AD8326A001A16DC /* Debug */,
				A3FB342B1AD8326A001A16DC /* Release */,
			);
			defaultConfigurationIsVisible = 0;
			defaultConfigurationName = Release;
		};
		A3FB342C1AD8326A001A16DC /* Build configuration list for PBXNativeTarget "IRTransitionDemo" */ = {
			isa = XCConfigurationList;
			buildConfigurations = (
				A3FB342D1AD8326A001A16DC /* Debug */,
				A3FB342E1AD8326A001A16DC /* Release */,
			);
			defaultConfigurationIsVisible = 0;
			defaultConfigurationName = Release;
		};
		A3FB342F1AD8326A001A16DC /* Build configuration list for PBXNativeTarget "IRTransitionDemoTests" */ = {
			isa = XCConfigurationList;
			buildConfigurations = (
				A3FB34301AD8326A001A16DC /* Debug */,
				A3FB34311AD8326A001A16DC /* Release */,
			);
			defaultConfigurationIsVisible = 0;
			defaultConfigurationName = Release;
		};
/* End XCConfigurationList section */
	};
	rootObject = A3FB33FE1AD8326A001A16DC /* Project object */;
}
